
Microsoft Visual Studio Solution File, Format Version 11.00
# Visual Studio 2010
Project("{FAE04EC0-301F-11D3-BF4B-00C04F79EFBC}") = "Yes", "Yes\Yes.csproj", "{1D2E1528-0158-4418-992D-8FBA4DD5D25E}"
EndProject
Project("{2150E333-8FDC-42A3-9474-1A3956D46DE8}") = ".nuget", ".nuget", "{13414B8B-0FB5-4A95-A8F5-EC011507C322}"
	ProjectSection(SolutionItems) = preProject
		.nuget\NuGet.Config = .nuget\NuGet.Config
		.nuget\NuGet.exe = .nuget\NuGet.exe
		.nuget\NuGet.targets = .nuget\NuGet.targets
	EndProjectSection
EndProject
Project("{FAE04EC0-301F-11D3-BF4B-00C04F79EFBC}") = "Yes.Tests", "Yes.Tests\Yes.Tests.csproj", "{E2093C94-E0EC-4185-BD58-35F6BB639FB2}"
EndProject
Project("{FAE04EC0-301F-11D3-BF4B-00C04F79EFBC}") = "Yesh", "Yesh\Yesh.csproj", "{06871A0D-D30C-41C0-AE90-C3A3DEBD687C}"
EndProject
Global
	GlobalSection(SolutionConfigurationPlatforms) = preSolution
		Debug|Any CPU = Debug|Any CPU
		Debug|Mixed Platforms = Debug|Mixed Platforms
		Debug|x86 = Debug|x86
		Release|Any CPU = Release|Any CPU
		Release|Mixed Platforms = Release|Mixed Platforms
		Release|x86 = Release|x86
	EndGlobalSection
	GlobalSection(ProjectConfigurationPlatforms) = postSolution
		{1D2E1528-0158-4418-992D-8FBA4DD5D25E}.Debug|Any CPU.ActiveCfg = Debug|Any CPU
		{1D2E1528-0158-4418-992D-8FBA4DD5D25E}.Debug|Any CPU.Build.0 = Debug|Any CPU
		{1D2E1528-0158-4418-992D-8FBA4DD5D25E}.Debug|Mixed Platforms.ActiveCfg = Debug|Any CPU
		{1D2E1528-0158-4418-992D-8FBA4DD5D25E}.Debug|Mixed Platforms.Build.0 = Debug|Any CPU
		{1D2E1528-0158-4418-992D-8FBA4DD5D25E}.Debug|x86.ActiveCfg = Debug|Any CPU
		{1D2E1528-0158-4418-992D-8FBA4DD5D25E}.Release|Any CPU.ActiveCfg = Release|Any CPU
		{1D2E1528-0158-4418-992D-8FBA4DD5D25E}.Release|Any CPU.Build.0 = Release|Any CPU
		{1D2E1528-0158-4418-992D-8FBA4DD5D25E}.Release|Mixed Platforms.ActiveCfg = Release|Any CPU
		{1D2E1528-0158-4418-992D-8FBA4DD5D25E}.Release|Mixed Platforms.Build.0 = Release|Any CPU
		{1D2E1528-0158-4418-992D-8FBA4DD5D25E}.Release|x86.ActiveCfg = Release|Any CPU
		{E2093C94-E0EC-4185-BD58-35F6BB639FB2}.Debug|Any CPU.ActiveCfg = Debug|Any CPU
		{E2093C94-E0EC-4185-BD58-35F6BB639FB2}.Debug|Any CPU.Build.0 = Debug|Any CPU
		{E2093C94-E0EC-4185-BD58-35F6BB639FB2}.Debug|Mixed Platforms.ActiveCfg = Debug|Any CPU
		{E2093C94-E0EC-4185-BD58-35F6BB639FB2}.Debug|Mixed Platforms.Build.0 = Debug|Any CPU
		{E2093C94-E0EC-4185-BD58-35F6BB639FB2}.Debug|x86.ActiveCfg = Debug|Any CPU
		{E2093C94-E0EC-4185-BD58-35F6BB639FB2}.Release|Any CPU.ActiveCfg = Release|Any CPU
		{E2093C94-E0EC-4185-BD58-35F6BB639FB2}.Release|Any CPU.Build.0 = Release|Any CPU
		{E2093C94-E0EC-4185-BD58-35F6BB639FB2}.Release|Mixed Platforms.ActiveCfg = Release|Any CPU
		{E2093C94-E0EC-4185-BD58-35F6BB639FB2}.Release|Mixed Platforms.Build.0 = Release|Any CPU
		{E2093C94-E0EC-4185-BD58-35F6BB639FB2}.Release|x86.ActiveCfg = Release|Any CPU
		{06871A0D-D30C-41C0-AE90-C3A3DEBD687C}.Debug|Any CPU.ActiveCfg = Debug|x86
		{06871A0D-D30C-41C0-AE90-C3A3DEBD687C}.Debug|Mixed Platforms.ActiveCfg = Debug|x86
		{06871A0D-D30C-41C0-AE90-C3A3DEBD687C}.Debug|Mixed Platforms.Build.0 = Debug|x86
		{06871A0D-D30C-41C0-AE90-C3A3DEBD687C}.Debug|x86.ActiveCfg = Debug|x86
		{06871A0D-D30C-41C0-AE90-C3A3DEBD687C}.Debug|x86.Build.0 = Debug|x86
		{06871A0D-D30C-41C0-AE90-C3A3DEBD687C}.Release|Any CPU.ActiveCfg = Release|x86
		{06871A0D-D30C-41C0-AE90-C3A3DEBD687C}.Release|Mixed Platforms.ActiveCfg = Release|x86
		{06871A0D-D30C-41C0-AE90-C3A3DEBD687C}.Release|Mixed Platforms.Build.0 = Release|x86
		{06871A0D-D30C-41C0-AE90-C3A3DEBD687C}.Release|x86.ActiveCfg = Release|x86
		{06871A0D-D30C-41C0-AE90-C3A3DEBD687C}.Release|x86.Build.0 = Release|x86
	EndGlobalSection
	GlobalSection(SolutionProperties) = preSolution
		HideSolutionNode = FALSE
	EndGlobalSection
EndGlobal
